
Microsoft Visual Studio Solution File, Format Version 12.00
# Visual Studio Version 17
VisualStudioVersion = 17.7.34031.279
MinimumVisualStudioVersion = 10.0.40219.1
Project("{2150E333-8FDC-42A3-9474-1A3956D46DE8}") = "Tillfälliga projekt (Kevin)", "Tillfälliga projekt (Kevin)", "{20D86F35-BC67-4E1A-AC5B-A88A8CECE2DD}"
EndProject
Project("{9A19103F-16F7-4668-BE54-9A1E7A4F7556}") = "Inlämningsuppgift 4 (Grupparbete) ver 1 3rd", "Inlämningsuppgift 4 (Grupparbete) ver 1 3rd\Inlämningsuppgift 4 (Grupparbete) ver 1 3rd.csproj", "{2F41A8C5-66A4-49F9-962E-031B06F44D4B}"
EndProject
Project("{9A19103F-16F7-4668-BE54-9A1E7A4F7556}") = "Inlämningsuppgift 4 (Grupparbete) ver 1 1st", "Inlämningsuppgift 4 (Grupparbete) ver 1 1st\Inlämningsuppgift 4 (Grupparbete) ver 1 1st.csproj", "{912C3A2B-AD5B-4873-B652-34880AB37DA0}"
EndProject
Project("{9A19103F-16F7-4668-BE54-9A1E7A4F7556}") = "Inlämningsuppgift 4 (Grupparbete) ver 1 2nd", "Inlämningsuppgift 4 (Grupparbete) ver 1 2nd\Inlämningsuppgift 4 (Grupparbete) ver 1 2nd.csproj", "{6393E125-5A7F-4474-86F7-33AC08552CC8}"
EndProject
Project("{9A19103F-16F7-4668-BE54-9A1E7A4F7556}") = "Inlämningsuppgift 4 (Grupparbete) ver 1", "Inlämningsuppgift 4 (Grupparbete) ver 1 4th\Inlämningsuppgift 4 (Grupparbete) ver 1.csproj", "{CF24D506-60E8-49E5-802C-5E44E951B4E9}"
EndProject
Project("{2150E333-8FDC-42A3-9474-1A3956D46DE8}") = "Kommentarer och textfiler", "Kommentarer och textfiler", "{77C92A40-1083-42F4-9235-0AEE3F35DF17}"
	ProjectSection(SolutionItems) = preProject
		admins.txt = admins.txt
		ATTGÖRA.txt = ATTGÖRA.txt
		recipes.txt = recipes.txt
		Ver 1 kommentarer.txt = Ver 1 kommentarer.txt
	EndProjectSection
EndProject
Project("{9A19103F-16F7-4668-BE54-9A1E7A4F7556}") = "recp 18 ok", "recp 18 ok\recp 18 ok.csproj", "{3A83C2CB-8BF4-4ED6-BD62-793210FF14E2}"
EndProject
Project("{2150E333-8FDC-42A3-9474-1A3956D46DE8}") = "Tillfälliga projekt (Najah)", "Tillfälliga projekt (Najah)", "{E0A8C8E4-EDD4-4A3C-9CAC-D9F293A926D2}"
EndProject
Project("{9A19103F-16F7-4668-BE54-9A1E7A4F7556}") = "Inlämningsuppgift 4 (Grupparbete) ver 2", "Inlämningsuppgift 4 (Grupparbete) ver 2\Inlämningsuppgift 4 (Grupparbete) ver 2.csproj", "{00A58047-A1CA-4333-81AB-5F4DDBDAE855}"
EndProject
Project("{9A19103F-16F7-4668-BE54-9A1E7A4F7556}") = "RECEPT4DUMMIES", "RECEPT4DUMMIES\RECEPT4DUMMIES.csproj", "{C1D225C1-DA67-49D3-819E-AC2368D7632E}"
EndProject
Project("{9A19103F-16F7-4668-BE54-9A1E7A4F7556}") = "RECEPT4DUMMIES Test ver 3", "RECEPT4DUMMIES Test ver 3\RECEPT4DUMMIES Test ver 3.csproj", "{9F93A461-FC99-4CD6-9FEE-EBDD71EE6CD8}"
EndProject
Global
	GlobalSection(SolutionConfigurationPlatforms) = preSolution
		Debug|Any CPU = Debug|Any CPU
		Release|Any CPU = Release|Any CPU
	EndGlobalSection
	GlobalSection(ProjectConfigurationPlatforms) = postSolution
		{2F41A8C5-66A4-49F9-962E-031B06F44D4B}.Debug|Any CPU.ActiveCfg = Debug|Any CPU
		{2F41A8C5-66A4-49F9-962E-031B06F44D4B}.Debug|Any CPU.Build.0 = Debug|Any CPU
		{2F41A8C5-66A4-49F9-962E-031B06F44D4B}.Release|Any CPU.ActiveCfg = Release|Any CPU
		{2F41A8C5-66A4-49F9-962E-031B06F44D4B}.Release|Any CPU.Build.0 = Release|Any CPU
		{912C3A2B-AD5B-4873-B652-34880AB37DA0}.Debug|Any CPU.ActiveCfg = Debug|Any CPU
		{912C3A2B-AD5B-4873-B652-34880AB37DA0}.Debug|Any CPU.Build.0 = Debug|Any CPU
		{912C3A2B-AD5B-4873-B652-34880AB37DA0}.Release|Any CPU.ActiveCfg = Release|Any CPU
		{912C3A2B-AD5B-4873-B652-34880AB37DA0}.Release|Any CPU.Build.0 = Release|Any CPU
		{6393E125-5A7F-4474-86F7-33AC08552CC8}.Debug|Any CPU.ActiveCfg = Debug|Any CPU
		{6393E125-5A7F-4474-86F7-33AC08552CC8}.Debug|Any CPU.Build.0 = Debug|Any CPU
		{6393E125-5A7F-4474-86F7-33AC08552CC8}.Release|Any CPU.ActiveCfg = Release|Any CPU
		{6393E125-5A7F-4474-86F7-33AC08552CC8}.Release|Any CPU.Build.0 = Release|Any CPU
		{CF24D506-60E8-49E5-802C-5E44E951B4E9}.Debug|Any CPU.ActiveCfg = Debug|Any CPU
		{CF24D506-60E8-49E5-802C-5E44E951B4E9}.Debug|Any CPU.Build.0 = Debug|Any CPU
		{CF24D506-60E8-49E5-802C-5E44E951B4E9}.Release|Any CPU.ActiveCfg = Release|Any CPU
		{CF24D506-60E8-49E5-802C-5E44E951B4E9}.Release|Any CPU.Build.0 = Release|Any CPU
		{3A83C2CB-8BF4-4ED6-BD62-793210FF14E2}.Debug|Any CPU.ActiveCfg = Debug|Any CPU
		{3A83C2CB-8BF4-4ED6-BD62-793210FF14E2}.Debug|Any CPU.Build.0 = Debug|Any CPU
		{3A83C2CB-8BF4-4ED6-BD62-793210FF14E2}.Release|Any CPU.ActiveCfg = Release|Any CPU
		{3A83C2CB-8BF4-4ED6-BD62-793210FF14E2}.Release|Any CPU.Build.0 = Release|Any CPU
		{00A58047-A1CA-4333-81AB-5F4DDBDAE855}.Debug|Any CPU.ActiveCfg = Debug|Any CPU
		{00A58047-A1CA-4333-81AB-5F4DDBDAE855}.Debug|Any CPU.Build.0 = Debug|Any CPU
		{00A58047-A1CA-4333-81AB-5F4DDBDAE855}.Release|Any CPU.ActiveCfg = Release|Any CPU
		{00A58047-A1CA-4333-81AB-5F4DDBDAE855}.Release|Any CPU.Build.0 = Release|Any CPU
		{C1D225C1-DA67-49D3-819E-AC2368D7632E}.Debug|Any CPU.ActiveCfg = Debug|Any CPU
		{C1D225C1-DA67-49D3-819E-AC2368D7632E}.Debug|Any CPU.Build.0 = Debug|Any CPU
		{C1D225C1-DA67-49D3-819E-AC2368D7632E}.Release|Any CPU.ActiveCfg = Release|Any CPU
		{C1D225C1-DA67-49D3-819E-AC2368D7632E}.Release|Any CPU.Build.0 = Release|Any CPU
		{9F93A461-FC99-4CD6-9FEE-EBDD71EE6CD8}.Debug|Any CPU.ActiveCfg = Debug|Any CPU
		{9F93A461-FC99-4CD6-9FEE-EBDD71EE6CD8}.Debug|Any CPU.Build.0 = Debug|Any CPU
		{9F93A461-FC99-4CD6-9FEE-EBDD71EE6CD8}.Release|Any CPU.ActiveCfg = Release|Any CPU
		{9F93A461-FC99-4CD6-9FEE-EBDD71EE6CD8}.Release|Any CPU.Build.0 = Release|Any CPU
	EndGlobalSection
	GlobalSection(SolutionProperties) = preSolution
		HideSolutionNode = FALSE
	EndGlobalSection
	GlobalSection(NestedProjects) = preSolution
		{2F41A8C5-66A4-49F9-962E-031B06F44D4B} = {20D86F35-BC67-4E1A-AC5B-A88A8CECE2DD}
		{912C3A2B-AD5B-4873-B652-34880AB37DA0} = {20D86F35-BC67-4E1A-AC5B-A88A8CECE2DD}
		{6393E125-5A7F-4474-86F7-33AC08552CC8} = {20D86F35-BC67-4E1A-AC5B-A88A8CECE2DD}
		{CF24D506-60E8-49E5-802C-5E44E951B4E9} = {20D86F35-BC67-4E1A-AC5B-A88A8CECE2DD}
		{3A83C2CB-8BF4-4ED6-BD62-793210FF14E2} = {E0A8C8E4-EDD4-4A3C-9CAC-D9F293A926D2}
		{00A58047-A1CA-4333-81AB-5F4DDBDAE855} = {20D86F35-BC67-4E1A-AC5B-A88A8CECE2DD}
		{9F93A461-FC99-4CD6-9FEE-EBDD71EE6CD8} = {20D86F35-BC67-4E1A-AC5B-A88A8CECE2DD}
	EndGlobalSection
	GlobalSection(ExtensibilityGlobals) = postSolution
		SolutionGuid = {6155B67E-C388-4904-B9BE-F8E550A43CF8}
	EndGlobalSection
EndGlobal
